
Microsoft Visual Studio Solution File, Format Version 12.00
# Visual Studio Version 17
VisualStudioVersion = 17.11.35312.102
MinimumVisualStudioVersion = 10.0.40219.1
Project("{FAE04EC0-301F-11D3-BF4B-00C04F79EFBC}") = "QuanLyKhoSach", "QuanLyKhoSach\QuanLyKhoSach.csproj", "{89D8E825-BD59-46EE-A6E3-9C84E1F3B229}"
EndProject
Global
	GlobalSection(SolutionConfigurationPlatforms) = preSolution
		Debug|Any CPU = Debug|Any CPU
		Release|Any CPU = Release|Any CPU
	EndGlobalSection
	GlobalSection(ProjectConfigurationPlatforms) = postSolution
		{89D8E825-BD59-46EE-A6E3-9C84E1F3B229}.Debug|Any CPU.ActiveCfg = Debug|Any CPU
		{89D8E825-BD59-46EE-A6E3-9C84E1F3B229}.Debug|Any CPU.Build.0 = Debug|Any CPU
		{89D8E825-BD59-46EE-A6E3-9C84E1F3B229}.Release|Any CPU.ActiveCfg = Release|Any CPU
		{89D8E825-BD59-46EE-A6E3-9C84E1F3B229}.Release|Any CPU.Build.0 = Release|Any CPU
	EndGlobalSection
	GlobalSection(SolutionProperties) = preSolution
		HideSolutionNode = FALSE
	EndGlobalSection
	GlobalSection(ExtensibilityGlobals) = postSolution
		SolutionGuid = {C35290AA-64C9-4814-8551-CA827775F5B6}
	EndGlobalSection
EndGlobal
